// !$*UTF8*$!
{
	archiveVersion = 1;
	classes = {
	};
	objectVersion = 56;
	objects = {

/* Begin PBXBuildFile section */
		40DE43222AB2DFFF003F753C /* AppDelegate.swift in Sources */ = {isa = PBXBuildFile; fileRef = 40DE43212AB2DFFF003F753C /* AppDelegate.swift */; };
		40DE43242AB2DFFF003F753C /* SceneDelegate.swift in Sources */ = {isa = PBXBuildFile; fileRef = 40DE43232AB2DFFF003F753C /* SceneDelegate.swift */; };
		40DE43262AB2DFFF003F753C /* ViewController.swift in Sources */ = {isa = PBXBuildFile; fileRef = 40DE43252AB2DFFF003F753C /* ViewController.swift */; };
		40DE43292AB2DFFF003F753C /* Main.storyboard in Resources */ = {isa = PBXBuildFile; fileRef = 40DE43272AB2DFFF003F753C /* Main.storyboard */; };
		40DE432B2AB2E000003F753C /* Assets.xcassets in Resources */ = {isa = PBXBuildFile; fileRef = 40DE432A2AB2E000003F753C /* Assets.xcassets */; };
		40DE432E2AB2E000003F753C /* LaunchScreen.storyboard in Resources */ = {isa = PBXBuildFile; fileRef = 40DE432C2AB2E000003F753C /* LaunchScreen.storyboard */; };
		40DE43372AB2E285003F753C /* BitcoinKit in Frameworks */ = {isa = PBXBuildFile; productRef = 40DE43362AB2E285003F753C /* BitcoinKit */; };
/* End PBXBuildFile section */

/* Begin PBXFileReference section */
		40DE431E2AB2DFFF003F753C /* Kriptonian.app */ = {isa = PBXFileReference; explicitFileType = wrapper.application; includeInIndex = 0; path = Kriptonian.app; sourceTree = BUILT_PRODUCTS_DIR; };
		40DE43212AB2DFFF003F753C /* AppDelegate.swift */ = {isa = PBXFileReference; lastKnownFileType = sourcecode.swift; path = AppDelegate.swift; sourceTree = "<group>"; };
		40DE43232AB2DFFF003F753C /* SceneDelegate.swift */ = {isa = PBXFileReference; lastKnownFileType = sourcecode.swift; path = SceneDelegate.swift; sourceTree = "<group>"; };
		40DE43252AB2DFFF003F753C /* ViewController.swift */ = {isa = PBXFileReference; lastKnownFileType = sourcecode.swift; path = ViewController.swift; sourceTree = "<group>"; };
		40DE43282AB2DFFF003F753C /* Base */ = {isa = PBXFileReference; lastKnownFileType = file.storyboard; name = Base; path = Base.lproj/Main.storyboard; sourceTree = "<group>"; };
		40DE432A2AB2E000003F753C /* Assets.xcassets */ = {isa = PBXFileReference; lastKnownFileType = folder.assetcatalog; path = Assets.xcassets; sourceTree = "<group>"; };
		40DE432D2AB2E000003F753C /* Base */ = {isa = PBXFileReference; lastKnownFileType = file.storyboard; name = Base; path = Base.lproj/LaunchScreen.storyboard; sourceTree = "<group>"; };
		40DE432F2AB2E000003F753C /* Info.plist */ = {isa = PBXFileReference; lastKnownFileType = text.plist.xml; path = Info.plist; sourceTree = "<group>"; };
/* End PBXFileReference section */

/* Begin PBXFrameworksBuildPhase section */
		40DE431B2AB2DFFF003F753C /* Frameworks */ = {
			isa = PBXFrameworksBuildPhase;
			buildActionMask = 2147483647;
			files = (
				40DE43372AB2E285003F753C /* BitcoinKit in Frameworks */,
			);
			runOnlyForDeploymentPostprocessing = 0;
		};
/* End PBXFrameworksBuildPhase section */

/* Begin PBXGroup section */
		40DE43152AB2DFFE003F753C = {
			isa = PBXGroup;
			children = (
				40DE43202AB2DFFF003F753C /* Kriptonian */,
				40DE431F2AB2DFFF003F753C /* Products */,
			);
			sourceTree = "<group>";
		};
		40DE431F2AB2DFFF003F753C /* Products */ = {
			isa = PBXGroup;
			children = (
				40DE431E2AB2DFFF003F753C /* Kriptonian.app */,
			);
			name = Products;
			sourceTree = "<group>";
		};
		40DE43202AB2DFFF003F753C /* Kriptonian */ = {
			isa = PBXGroup;
			children = (
				40DE43212AB2DFFF003F753C /* AppDelegate.swift */,
				40DE43232AB2DFFF003F753C /* SceneDelegate.swift */,
				40DE43252AB2DFFF003F753C /* ViewController.swift */,
				40DE43272AB2DFFF003F753C /* Main.storyboard */,
				40DE432A2AB2E000003F753C /* Assets.xcassets */,
				40DE432C2AB2E000003F753C /* LaunchScreen.storyboard */,
				40DE432F2AB2E000003F753C /* Info.plist */,
			);
			path = Kriptonian;
			sourceTree = "<group>";
		};
/* End PBXGroup section */

/* Begin PBXNativeTarget section */
		40DE431D2AB2DFFF003F753C /* Kriptonian */ = {
			isa = PBXNativeTarget;
			buildConfigurationList = 40DE43322AB2E000003F753C /* Build configuration list for PBXNativeTarget "Kriptonian" */;
			buildPhases = (
				40DE431A2AB2DFFF003F753C /* Sources */,
				40DE431B2AB2DFFF003F753C /* Frameworks */,
				40DE431C2AB2DFFF003F753C /* Resources */,
			);
			buildRules = (
			);
			dependencies = (
			);
			name = Kriptonian;
			packageProductDependencies = (
				40DE43362AB2E285003F753C /* BitcoinKit */,
			);
			productName = Kriptonian;
			productReference = 40DE431E2AB2DFFF003F753C /* Kriptonian.app */;
			productType = "com.apple.product-type.application";
		};
/* End PBXNativeTarget section */

/* Begin PBXProject section */
		40DE43162AB2DFFE003F753C /* Project object */ = {
			isa = PBXProject;
			attributes = {
				BuildIndependentTargetsInParallel = 1;
				LastSwiftUpdateCheck = 1430;
				LastUpgradeCheck = 1430;
				TargetAttributes = {
					40DE431D2AB2DFFF003F753C = {
						CreatedOnToolsVersion = 14.3;
					};
				};
			};
			buildConfigurationList = 40DE43192AB2DFFE003F753C /* Build configuration list for PBXProject "Kriptonian" */;
			compatibilityVersion = "Xcode 14.0";
			developmentRegion = en;
			hasScannedForEncodings = 0;
			knownRegions = (
				en,
				Base,
			);
			mainGroup = 40DE43152AB2DFFE003F753C;
			packageReferences = (
				40DE43352AB2E285003F753C /* XCRemoteSwiftPackageReference "BitcoinKit" */,
			);
			productRefGroup = 40DE431F2AB2DFFF003F753C /* Products */;
			projectDirPath = "";
			projectRoot = "";
			targets = (
				40DE431D2AB2DFFF003F753C /* Kriptonian */,
			);
		};
/* End PBXProject section */

/* Begin PBXResourcesBuildPhase section */
		40DE431C2AB2DFFF003F753C /* Resources */ = {
			isa = PBXResourcesBuildPhase;
			buildActionMask = 2147483647;
			files = (
				40DE432E2AB2E000003F753C /* LaunchScreen.storyboard in Resources */,
				40DE432B2AB2E000003F753C /* Assets.xcassets in Resources */,
				40DE43292AB2DFFF003F753C /* Main.storyboard in Resources */,
			);
			runOnlyForDeploymentPostprocessing = 0;
		};
/* End PBXResourcesBuildPhase section */

/* Begin PBXSourcesBuildPhase section */
		40DE431A2AB2DFFF003F753C /* Sources */ = {
			isa = PBXSourcesBuildPhase;
			buildActionMask = 2147483647;
			files = (
				40DE43262AB2DFFF003F753C /* ViewController.swift in Sources */,
				40DE43222AB2DFFF003F753C /* AppDelegate.swift in Sources */,
				40DE43242AB2DFFF003F753C /* SceneDelegate.swift in Sources */,
			);
			runOnlyForDeploymentPostprocessing = 0;
		};
/* End PBXSourcesBuildPhase section */

/* Begin PBXVariantGroup section */
		40DE43272AB2DFFF003F753C /* Main.storyboard */ = {
			isa = PBXVariantGroup;
			children = (
				40DE43282AB2DFFF003F753C /* Base */,
			);
			name = Main.storyboard;
			sourceTree = "<group>";
		};
		40DE432C2AB2E000003F753C /* LaunchScreen.storyboard */ = {
			isa = PBXVariantGroup;
			children = (
				40DE432D2AB2E000003F753C /* Base */,
			);
			name = LaunchScreen.storyboard;
			sourceTree = "<group>";
		};
/* End PBXVariantGroup section */

/* Begin XCBuildConfiguration section */
		40DE43302AB2E000003F753C /* Debug */ = {
			isa = XCBuildConfiguration;
			buildSettings = {
				ALWAYS_SEARCH_USER_PATHS = NO;
				CLANG_ANALYZER_NONNULL = YES;
				CLANG_ANALYZER_NUMBER_OBJECT_CONVERSION = YES_AGGRESSIVE;
				CLANG_CXX_LANGUAGE_STANDARD = "gnu++20";
				CLANG_ENABLE_MODULES = YES;
				CLANG_ENABLE_OBJC_ARC = YES;
				CLANG_ENABLE_OBJC_WEAK = YES;
				CLANG_WARN_BLOCK_CAPTURE_AUTORELEASING = YES;
				CLANG_WARN_BOOL_CONVERSION = YES;
				CLANG_WARN_COMMA = YES;
				CLANG_WARN_CONSTANT_CONVERSION = YES;
				CLANG_WARN_DEPRECATED_OBJC_IMPLEMENTATIONS = YES;
				CLANG_WARN_DIRECT_OBJC_ISA_USAGE = YES_ERROR;
				CLANG_WARN_DOCUMENTATION_COMMENTS = YES;
				CLANG_WARN_EMPTY_BODY = YES;
				CLANG_WARN_ENUM_CONVERSION = YES;
				CLANG_WARN_INFINITE_RECURSION = YES;
				CLANG_WARN_INT_CONVERSION = YES;
				CLANG_WARN_NON_LITERAL_NULL_CONVERSION = YES;
				CLANG_WARN_OBJC_IMPLICIT_RETAIN_SELF = YES;
				CLANG_WARN_OBJC_LITERAL_CONVERSION = YES;
				CLANG_WARN_OBJC_ROOT_CLASS = YES_ERROR;
				CLANG_WARN_QUOTED_INCLUDE_IN_FRAMEWORK_HEADER = YES;
				CLANG_WARN_RANGE_LOOP_ANALYSIS = YES;
				CLANG_WARN_STRICT_PROTOTYPES = YES;
				CLANG_WARN_SUSPICIOUS_MOVE = YES;
				CLANG_WARN_UNGUARDED_AVAILABILITY = YES_AGGRESSIVE;
				CLANG_WARN_UNREACHABLE_CODE = YES;
				CLANG_WARN__DUPLICATE_METHOD_MATCH = YES;
				COPY_PHASE_STRIP = NO;
				DEBUG_INFORMATION_FORMAT = dwarf;
				ENABLE_STRICT_OBJC_MSGSEND = YES;
				ENABLE_TESTABILITY = YES;
				GCC_C_LANGUAGE_STANDARD = gnu11;
				GCC_DYNAMIC_NO_PIC = NO;
				GCC_NO_COMMON_BLOCKS = YES;
				GCC_OPTIMIZATION_LEVEL = 0;
				GCC_PREPROCESSOR_DEFINITIONS = (
					"DEBUG=1",
					"$(inherited)",
				);
				GCC_WARN_64_TO_32_BIT_CONVERSION = YES;
				GCC_WARN_ABOUT_RETURN_TYPE = YES_ERROR;
				GCC_WARN_UNDECLARED_SELECTOR = YES;
				GCC_WARN_UNINITIALIZED_AUTOS = YES_AGGRESSIVE;
				GCC_WARN_UNUSED_FUNCTION = YES;
				GCC_WARN_UNUSED_VARIABLE = YES;
				IPHONEOS_DEPLOYMENT_TARGET = 16.4;
				MTL_ENABLE_DEBUG_INFO = INCLUDE_SOURCE;
				MTL_FAST_MATH = YES;
				ONLY_ACTIVE_ARCH = YES;
				SDKROOT = iphoneos;
				SWIFT_ACTIVE_COMPILATION_CONDITIONS = DEBUG;
				SWIFT_OPTIMIZATION_LEVEL = "-Onone";
			};
			name = Debug;
		};
		40DE43312AB2E000003F753C /* Release */ = {
			isa = XCBuildConfiguration;
			buildSettings = {
				ALWAYS_SEARCH_USER_PATHS = NO;
				CLANG_ANALYZER_NONNULL = YES;
				CLANG_ANALYZER_NUMBER_OBJECT_CONVERSION = YES_AGGRESSIVE;
				CLANG_CXX_LANGUAGE_STANDARD = "gnu++20";
				CLANG_ENABLE_MODULES = YES;
				CLANG_ENABLE_OBJC_ARC = YES;
				CLANG_ENABLE_OBJC_WEAK = YES;
				CLANG_WARN_BLOCK_CAPTURE_AUTORELEASING = YES;
				CLANG_WARN_BOOL_CONVERSION = YES;
				CLANG_WARN_COMMA = YES;
				CLANG_WARN_CONSTANT_CONVERSION = YES;
				CLANG_WARN_DEPRECATED_OBJC_IMPLEMENTATIONS = YES;
				CLANG_WARN_DIRECT_OBJC_ISA_USAGE = YES_ERROR;
				CLANG_WARN_DOCUMENTATION_COMMENTS = YES;
				CLANG_WARN_EMPTY_BODY = YES;
				CLANG_WARN_ENUM_CONVERSION = YES;
				CLANG_WARN_INFINITE_RECURSION = YES;
				CLANG_WARN_INT_CONVERSION = YES;
				CLANG_WARN_NON_LITERAL_NULL_CONVERSION = YES;
				CLANG_WARN_OBJC_IMPLICIT_RETAIN_SELF = YES;
				CLANG_WARN_OBJC_LITERAL_CONVERSION = YES;
				CLANG_WARN_OBJC_ROOT_CLASS = YES_ERROR;
				CLANG_WARN_QUOTED_INCLUDE_IN_FRAMEWORK_HEADER = YES;
				CLANG_WARN_RANGE_LOOP_ANALYSIS = YES;
				CLANG_WARN_STRICT_PROTOTYPES = YES;
				CLANG_WARN_SUSPICIOUS_MOVE = YES;
				CLANG_WARN_UNGUARDED_AVAILABILITY = YES_AGGRESSIVE;
				CLANG_WARN_UNREACHABLE_CODE = YES;
				CLANG_WARN__DUPLICATE_METHOD_MATCH = YES;
				COPY_PHASE_STRIP = NO;
				DEBUG_INFORMATION_FORMAT = "dwarf-with-dsym";
				ENABLE_NS_ASSERTIONS = NO;
				ENABLE_STRICT_OBJC_MSGSEND = YES;
				GCC_C_LANGUAGE_STANDARD = gnu11;
				GCC_NO_COMMON_BLOCKS = YES;
				GCC_WARN_64_TO_32_BIT_CONVERSION = YES;
				GCC_WARN_ABOUT_RETURN_TYPE = YES_ERROR;
				GCC_WARN_UNDECLARED_SELECTOR = YES;
				GCC_WARN_UNINITIALIZED_AUTOS = YES_AGGRESSIVE;
				GCC_WARN_UNUSED_FUNCTION = YES;
				GCC_WARN_UNUSED_VARIABLE = YES;
				IPHONEOS_DEPLOYMENT_TARGET = 16.4;
				MTL_ENABLE_DEBUG_INFO = NO;
				MTL_FAST_MATH = YES;
				SDKROOT = iphoneos;
				SWIFT_COMPILATION_MODE = wholemodule;
				SWIFT_OPTIMIZATION_LEVEL = "-O";
				VALIDATE_PRODUCT = YES;
			};
			name = Release;
		};
		40DE43332AB2E000003F753C /* Debug */ = {
			isa = XCBuildConfiguration;
			buildSettings = {
				ASSETCATALOG_COMPILER_APPICON_NAME = AppIcon;
				ASSETCATALOG_COMPILER_GLOBAL_ACCENT_COLOR_NAME = AccentColor;
				CODE_SIGN_STYLE = Automatic;
				CURRENT_PROJECT_VERSION = 1;
				DEVELOPMENT_TEAM = MZQ6ZJQYAL;
				GENERATE_INFOPLIST_FILE = YES;
				INFOPLIST_FILE = Kriptonian/Info.plist;
				INFOPLIST_KEY_UIApplicationSupportsIndirectInputEvents = YES;
				INFOPLIST_KEY_UILaunchStoryboardName = LaunchScreen;
				INFOPLIST_KEY_UIMainStoryboardFile = Main;
				INFOPLIST_KEY_UISupportedInterfaceOrientations_iPad = "UIInterfaceOrientationPortrait UIInterfaceOrientationPortraitUpsideDown UIInterfaceOrientationLandscapeLeft UIInterfaceOrientationLandscapeRight";
				INFOPLIST_KEY_UISupportedInterfaceOrientations_iPhone = "UIInterfaceOrientationPortrait UIInterfaceOrientationLandscapeLeft UIInterfaceOrientationLandscapeRight";
				LD_RUNPATH_SEARCH_PATHS = (
					"$(inherited)",
					"@executable_path/Frameworks",
				);
				MARKETING_VERSION = 1.0;
				PRODUCT_BUNDLE_IDENTIFIER = com.shablii.Kriptonian;
				PRODUCT_NAME = "$(TARGET_NAME)";
				SWIFT_EMIT_LOC_STRINGS = YES;
				SWIFT_VERSION = 5.0;
				TARGETED_DEVICE_FAMILY = "1,2";
			};
			name = Debug;
		};
		40DE43342AB2E000003F753C /* Release */ = {
			isa = XCBuildConfiguration;
			buildSettings = {
				ASSETCATALOG_COMPILER_APPICON_NAME = AppIcon;
				ASSETCATALOG_COMPILER_GLOBAL_ACCENT_COLOR_NAME = AccentColor;
				CODE_SIGN_STYLE = Automatic;
				CURRENT_PROJECT_VERSION = 1;
				DEVELOPMENT_TEAM = MZQ6ZJQYAL;
				GENERATE_INFOPLIST_FILE = YES;
				INFOPLIST_FILE = Kriptonian/Info.plist;
				INFOPLIST_KEY_UIApplicationSupportsIndirectInputEvents = YES;
				INFOPLIST_KEY_UILaunchStoryboardName = LaunchScreen;
				INFOPLIST_KEY_UIMainStoryboardFile = Main;
				INFOPLIST_KEY_UISupportedInterfaceOrientations_iPad = "UIInterfaceOrientationPortrait UIInterfaceOrientationPortraitUpsideDown UIInterfaceOrientationLandscapeLeft UIInterfaceOrientationLandscapeRight";
				INFOPLIST_KEY_UISupportedInterfaceOrientations_iPhone = "UIInterfaceOrientationPortrait UIInterfaceOrientationLandscapeLeft UIInterfaceOrientationLandscapeRight";
				LD_RUNPATH_SEARCH_PATHS = (
					"$(inherited)",
					"@executable_path/Frameworks",
				);
				MARKETING_VERSION = 1.0;
				PRODUCT_BUNDLE_IDENTIFIER = com.shablii.Kriptonian;
				PRODUCT_NAME = "$(TARGET_NAME)";
				SWIFT_EMIT_LOC_STRINGS = YES;
				SWIFT_VERSION = 5.0;
				TARGETED_DEVICE_FAMILY = "1,2";
			};
			name = Release;
		};
/* End XCBuildConfiguration section */

/* Begin XCConfigurationList section */
		40DE43192AB2DFFE003F753C /* Build configuration list for PBXProject "Kriptonian" */ = {
			isa = XCConfigurationList;
			buildConfigurations = (
				40DE43302AB2E000003F753C /* Debug */,
				40DE43312AB2E000003F753C /* Release */,
			);
			defaultConfigurationIsVisible = 0;
			defaultConfigurationName = Release;
		};
		40DE43322AB2E000003F753C /* Build configuration list for PBXNativeTarget "Kriptonian" */ = {
			isa = XCConfigurationList;
			buildConfigurations = (
				40DE43332AB2E000003F753C /* Debug */,
				40DE43342AB2E000003F753C /* Release */,
			);
			defaultConfigurationIsVisible = 0;
			defaultConfigurationName = Release;
		};
/* End XCConfigurationList section */

/* Begin XCRemoteSwiftPackageReference section */
		40DE43352AB2E285003F753C /* XCRemoteSwiftPackageReference "BitcoinKit" */ = {
			isa = XCRemoteSwiftPackageReference;
			repositoryURL = "https://github.com/horizontalsystems/BitcoinKit.Swift";
			requirement = {
				kind = upToNextMajorVersion;
				minimumVersion = 2.0.0;
			};
		};
/* End XCRemoteSwiftPackageReference section */

/* Begin XCSwiftPackageProductDependency section */
		40DE43362AB2E285003F753C /* BitcoinKit */ = {
			isa = XCSwiftPackageProductDependency;
			package = 40DE43352AB2E285003F753C /* XCRemoteSwiftPackageReference "BitcoinKit" */;
			productName = BitcoinKit;
		};
/* End XCSwiftPackageProductDependency section */
	};
	rootObject = 40DE43162AB2DFFE003F753C /* Project object */;
}
